{
  "lockfile_version": "1",
  "packages": {
    "dotter@latest": {
      "last_modified": "2025-07-13T22:45:35Z",
      "resolved": "github:NixOS/nixpkgs/a421ac6595024edcfbb1ef950a3712b89161c359#dotter",
      "source": "devbox-search",
      "version": "0.13.3",
      "systems": {
        "aarch64-darwin": {
          "outputs": [
            {
              "name": "out",
              "path": "/nix/store/1nvw2wsnwmllrfwa16n37jw1v1hpdky4-dotter-0.13.3",
              "default": true
            }
          ],
          "store_path": "/nix/store/1nvw2wsnwmllrfwa16n37jw1v1hpdky4-dotter-0.13.3"
        },
        "aarch64-linux": {
          "outputs": [
            {
              "name": "out",
              "path": "/nix/store/ikp1sd5r1a7v6nafsxa281b7xaw2saqg-dotter-0.13.3",
              "default": true
            }
          ],
          "store_path": "/nix/store/ikp1sd5r1a7v6nafsxa281b7xaw2saqg-dotter-0.13.3"
        },
        "x86_64-darwin": {
          "outputs": [
            {
              "name": "out",
              "path": "/nix/store/waa4x5j5lzhx0slngrp1livsjwmdkb3s-dotter-0.13.3",
              "default": true
            }
          ],
          "store_path": "/nix/store/waa4x5j5lzhx0slngrp1livsjwmdkb3s-dotter-0.13.3"
        },
        "x86_64-linux": {
          "outputs": [
            {
              "name": "out",
              "path": "/nix/store/j76nmi8bqhc482dgqny4ipzmm7fvk25q-dotter-0.13.3",
              "default": true
            }
          ],
          "store_path": "/nix/store/j76nmi8bqhc482dgqny4ipzmm7fvk25q-dotter-0.13.3"
        }
      }
    },
    "github:NixOS/nixpkgs/nixpkgs-unstable": {
      "last_modified": "2025-07-22T02:38:50Z",
      "resolved": "github:NixOS/nixpkgs/83e677f31c84212343f4cc553bab85c2efcad60a?lastModified=1753151930&narHash=sha256-XSQy6wRKHhRe%2F%2FiVY5lS%2FZpI%2FJn6crWI8fQzl647wCg%3D"
    }
  }
}
